PODS:
  - GoogleMaps (2.7.0):
    - GoogleMaps/Maps (= 2.7.0)
  - GoogleMaps/Base (2.7.0)
  - GoogleMaps/Maps (2.7.0):
    - GoogleMaps/Base
  - GooglePlaces (2.7.0):
    - GoogleMaps/Base (= 2.7.0)
  - InputBarAccessoryView (4.3.3):
    - InputBarAccessoryView/Core (= 4.3.3)
  - InputBarAccessoryView/Core (4.3.3)
  - MessageKit (3.1.0):
    - InputBarAccessoryView (~> 4.3.0)
  - Realm (5.0.0):
    - Realm/Headers (= 5.0.0)
  - Realm/Headers (5.0.0)
  - RealmSwift (5.0.0):
    - Realm (= 5.0.0)

DEPENDENCIES:
  - GoogleMaps (= 2.7)
  - GooglePlaces (= 2.7)
  - MessageKit
  - RealmSwift (= 5.0.0)

SPEC REPOS:
  https://github.com/CocoaPods/Specs.git:
    - GoogleMaps
    - GooglePlaces
    - InputBarAccessoryView
    - MessageKit
    - Realm
    - RealmSwift

SPEC CHECKSUMS:
  GoogleMaps: f79af95cb24d869457b1f961c93d3ce8b2f3b848
  GooglePlaces: 3d06e6c99654545b4738ce49648745779c25f2ef
  InputBarAccessoryView: 8e7fc09e9cba75e0fee5da13450e15c194806f69
  MessageKit: 3beb578737a5aa2bba25cc27c7b6d6faa09af5a7
  Realm: 76066d333de26f97e9caedaa85ee3ff4a62ca265
  RealmSwift: c1bdff09b422569dc6881410d9ccf712bcdb79b0

PODFILE CHECKSUM: 63aa45f5d798d64610c725080b5c67889f215580

COCOAPODS: 1.9.2
